// !$*UTF8*$!
{
	archiveVersion = 1;
	classes = {
	};
	objectVersion = 56;
	objects = {

/* Begin PBXBuildFile section */
		7A25B8522C7C284D004F8990 /* Test.m in Sources */ = {isa = PBXBuildFile; fileRef = 7A25B8512C7C284D004F8990 /* Test.m */; };
		7A39D9562C9A9C12007BED90 /* 8153.mov in Resources */ = {isa = PBXBuildFile; fileRef = 7A39D9552C9A9C12007BED90 /* 8153.mov */; };
		7A39D9582C9A9E9C007BED90 /* 8153-c.mov in Resources */ = {isa = PBXBuildFile; fileRef = 7A39D9572C9A9E9C007BED90 /* 8153-c.mov */; };
		7ACD0C532C576E8B0057750A /* MacPlayVideoAndAudioApp.swift in Sources */ = {isa = PBXBuildFile; fileRef = 7ACD0C522C576E8B0057750A /* MacPlayVideoAndAudioApp.swift */; };
		7ACD0C552C576E8B0057750A /* ContentView.swift in Sources */ = {isa = PBXBuildFile; fileRef = 7ACD0C542C576E8B0057750A /* ContentView.swift */; };
		7ACD0C572C576E8C0057750A /* Assets.xcassets in Resources */ = {isa = PBXBuildFile; fileRef = 7ACD0C562C576E8C0057750A /* Assets.xcassets */; };
		7ACD0C5A2C576E8C0057750A /* Preview Assets.xcassets in Resources */ = {isa = PBXBuildFile; fileRef = 7ACD0C592C576E8C0057750A /* Preview Assets.xcassets */; };
		7ACD0C652C576EA10057750A /* VideoInfo.swift in Sources */ = {isa = PBXBuildFile; fileRef = 7ACD0C612C576EA10057750A /* VideoInfo.swift */; };
		7ACD0C662C576EA10057750A /* VideoTools.swift in Sources */ = {isa = PBXBuildFile; fileRef = 7ACD0C622C576EA10057750A /* VideoTools.swift */; };
		7ACD0C672C576EA10057750A /* WLMp4Decoder.swift in Sources */ = {isa = PBXBuildFile; fileRef = 7ACD0C632C576EA10057750A /* WLMp4Decoder.swift */; };
/* End PBXBuildFile section */

/* Begin PBXFileReference section */
		7A25B84F2C7C284D004F8990 /* MacPlayVideoAndAudio-Bridging-Header.h */ = {isa = PBXFileReference; lastKnownFileType = sourcecode.c.h; path = "MacPlayVideoAndAudio-Bridging-Header.h"; sourceTree = "<group>"; };
		7A25B8502C7C284D004F8990 /* Test.h */ = {isa = PBXFileReference; lastKnownFileType = sourcecode.c.h; path = Test.h; sourceTree = "<group>"; };
		7A25B8512C7C284D004F8990 /* Test.m */ = {isa = PBXFileReference; lastKnownFileType = sourcecode.c.objc; path = Test.m; sourceTree = "<group>"; };
		7A39D9552C9A9C12007BED90 /* 8153.mov */ = {isa = PBXFileReference; lastKnownFileType = video.quicktime; path = 8153.mov; sourceTree = "<group>"; };
		7A39D9572C9A9E9C007BED90 /* 8153-c.mov */ = {isa = PBXFileReference; lastKnownFileType = video.quicktime; path = "8153-c.mov"; sourceTree = "<group>"; };
		7ACD0C4F2C576E8B0057750A /* MacPlayVideoAndAudio.app */ = {isa = PBXFileReference; explicitFileType = wrapper.application; includeInIndex = 0; path = MacPlayVideoAndAudio.app; sourceTree = BUILT_PRODUCTS_DIR; };
		7ACD0C522C576E8B0057750A /* MacPlayVideoAndAudioApp.swift */ = {isa = PBXFileReference; lastKnownFileType = sourcecode.swift; path = MacPlayVideoAndAudioApp.swift; sourceTree = "<group>"; };
		7ACD0C542C576E8B0057750A /* ContentView.swift */ = {isa = PBXFileReference; lastKnownFileType = sourcecode.swift; path = ContentView.swift; sourceTree = "<group>"; };
		7ACD0C562C576E8C0057750A /* Assets.xcassets */ = {isa = PBXFileReference; lastKnownFileType = folder.assetcatalog; path = Assets.xcassets; sourceTree = "<group>"; };
		7ACD0C592C576E8C0057750A /* Preview Assets.xcassets */ = {isa = PBXFileReference; lastKnownFileType = folder.assetcatalog; path = "Preview Assets.xcassets"; sourceTree = "<group>"; };
		7ACD0C5B2C576E8C0057750A /* MacPlayVideoAndAudio.entitlements */ = {isa = PBXFileReference; lastKnownFileType = text.plist.entitlements; path = MacPlayVideoAndAudio.entitlements; sourceTree = "<group>"; };
		7ACD0C612C576EA10057750A /* VideoInfo.swift */ = {isa = PBXFileReference; fileEncoding = 4; lastKnownFileType = sourcecode.swift; path = VideoInfo.swift; sourceTree = "<group>"; };
		7ACD0C622C576EA10057750A /* VideoTools.swift */ = {isa = PBXFileReference; fileEncoding = 4; lastKnownFileType = sourcecode.swift; path = VideoTools.swift; sourceTree = "<group>"; };
		7ACD0C632C576EA10057750A /* WLMp4Decoder.swift */ = {isa = PBXFileReference; fileEncoding = 4; lastKnownFileType = sourcecode.swift; path = WLMp4Decoder.swift; sourceTree = "<group>"; };
/* End PBXFileReference section */

/* Begin PBXFrameworksBuildPhase section */
		7ACD0C4C2C576E8B0057750A /* Frameworks */ = {
			isa = PBXFrameworksBuildPhase;
			buildActionMask = 2147483647;
			files = (
			);
			runOnlyForDeploymentPostprocessing = 0;
		};
/* End PBXFrameworksBuildPhase section */

/* Begin PBXGroup section */
		7ACD0C462C576E8B0057750A = {
			isa = PBXGroup;
			children = (
				7ACD0C512C576E8B0057750A /* MacPlayVideoAndAudio */,
				7ACD0C502C576E8B0057750A /* Products */,
			);
			sourceTree = "<group>";
		};
		7ACD0C502C576E8B0057750A /* Products */ = {
			isa = PBXGroup;
			children = (
				7ACD0C4F2C576E8B0057750A /* MacPlayVideoAndAudio.app */,
			);
			name = Products;
			sourceTree = "<group>";
		};
		7ACD0C512C576E8B0057750A /* MacPlayVideoAndAudio */ = {
			isa = PBXGroup;
			children = (
				7A39D9572C9A9E9C007BED90 /* 8153-c.mov */,
				7A39D9552C9A9C12007BED90 /* 8153.mov */,
				7ACD0C642C576EA10057750A /* Decoder */,
				7ACD0C522C576E8B0057750A /* MacPlayVideoAndAudioApp.swift */,
				7ACD0C542C576E8B0057750A /* ContentView.swift */,
				7ACD0C562C576E8C0057750A /* Assets.xcassets */,
				7ACD0C5B2C576E8C0057750A /* MacPlayVideoAndAudio.entitlements */,
				7ACD0C582C576E8C0057750A /* Preview Content */,
				7A25B8502C7C284D004F8990 /* Test.h */,
				7A25B8512C7C284D004F8990 /* Test.m */,
				7A25B84F2C7C284D004F8990 /* MacPlayVideoAndAudio-Bridging-Header.h */,
			);
			path = MacPlayVideoAndAudio;
			sourceTree = "<group>";
		};
		7ACD0C582C576E8C0057750A /* Preview Content */ = {
			isa = PBXGroup;
			children = (
				7ACD0C592C576E8C0057750A /* Preview Assets.xcassets */,
			);
			path = "Preview Content";
			sourceTree = "<group>";
		};
		7ACD0C642C576EA10057750A /* Decoder */ = {
			isa = PBXGroup;
			children = (
				7ACD0C612C576EA10057750A /* VideoInfo.swift */,
				7ACD0C622C576EA10057750A /* VideoTools.swift */,
				7ACD0C632C576EA10057750A /* WLMp4Decoder.swift */,
			);
			path = Decoder;
			sourceTree = "<group>";
		};
/* End PBXGroup section */

/* Begin PBXNativeTarget section */
		7ACD0C4E2C576E8B0057750A /* MacPlayVideoAndAudio */ = {
			isa = PBXNativeTarget;
			buildConfigurationList = 7ACD0C5E2C576E8C0057750A /* Build configuration list for PBXNativeTarget "MacPlayVideoAndAudio" */;
			buildPhases = (
				7ACD0C4B2C576E8B0057750A /* Sources */,
				7ACD0C4C2C576E8B0057750A /* Frameworks */,
				7ACD0C4D2C576E8B0057750A /* Resources */,
			);
			buildRules = (
			);
			dependencies = (
			);
			name = MacPlayVideoAndAudio;
			productName = MacPlayVideoAndAudio;
			productReference = 7ACD0C4F2C576E8B0057750A /* MacPlayVideoAndAudio.app */;
			productType = "com.apple.product-type.application";
		};
/* End PBXNativeTarget section */

/* Begin PBXProject section */
		7ACD0C472C576E8B0057750A /* Project object */ = {
			isa = PBXProject;
			attributes = {
				BuildIndependentTargetsInParallel = 1;
				LastSwiftUpdateCheck = 1540;
				LastUpgradeCheck = 1540;
				TargetAttributes = {
					7ACD0C4E2C576E8B0057750A = {
						CreatedOnToolsVersion = 15.4;
						LastSwiftMigration = 1540;
					};
				};
			};
			buildConfigurationList = 7ACD0C4A2C576E8B0057750A /* Build configuration list for PBXProject "MacPlayVideoAndAudio" */;
			compatibilityVersion = "Xcode 14.0";
			developmentRegion = en;
			hasScannedForEncodings = 0;
			knownRegions = (
				en,
				Base,
			);
			mainGroup = 7ACD0C462C576E8B0057750A;
			productRefGroup = 7ACD0C502C576E8B0057750A /* Products */;
			projectDirPath = "";
			projectRoot = "";
			targets = (
				7ACD0C4E2C576E8B0057750A /* MacPlayVideoAndAudio */,
			);
		};
/* End PBXProject section */

/* Begin PBXResourcesBuildPhase section */
		7ACD0C4D2C576E8B0057750A /* Resources */ = {
			isa = PBXResourcesBuildPhase;
			buildActionMask = 2147483647;
			files = (
				7ACD0C5A2C576E8C0057750A /* Preview Assets.xcassets in Resources */,
				7A39D9562C9A9C12007BED90 /* 8153.mov in Resources */,
				7ACD0C572C576E8C0057750A /* Assets.xcassets in Resources */,
				7A39D9582C9A9E9C007BED90 /* 8153-c.mov in Resources */,
			);
			runOnlyForDeploymentPostprocessing = 0;
		};
/* End PBXResourcesBuildPhase section */

/* Begin PBXSourcesBuildPhase section */
		7ACD0C4B2C576E8B0057750A /* Sources */ = {
			isa = PBXSourcesBuildPhase;
			buildActionMask = 2147483647;
			files = (
				7ACD0C652C576EA10057750A /* VideoInfo.swift in Sources */,
				7ACD0C552C576E8B0057750A /* ContentView.swift in Sources */,
				7ACD0C672C576EA10057750A /* WLMp4Decoder.swift in Sources */,
				7A25B8522C7C284D004F8990 /* Test.m in Sources */,
				7ACD0C532C576E8B0057750A /* MacPlayVideoAndAudioApp.swift in Sources */,
				7ACD0C662C576EA10057750A /* VideoTools.swift in Sources */,
			);
			runOnlyForDeploymentPostprocessing = 0;
		};
/* End PBXSourcesBuildPhase section */

/* Begin XCBuildConfiguration section */
		7ACD0C5C2C576E8C0057750A /* Debug */ = {
			isa = XCBuildConfiguration;
			buildSettings = {
				ALWAYS_SEARCH_USER_PATHS = NO;
				ASSETCATALOG_COMPILER_GENERATE_SWIFT_ASSET_SYMBOL_EXTENSIONS = YES;
				CLANG_ANALYZER_NONNULL = YES;
				CLANG_ANALYZER_NUMBER_OBJECT_CONVERSION = YES_AGGRESSIVE;
				CLANG_CXX_LANGUAGE_STANDARD = "gnu++20";
				CLANG_ENABLE_MODULES = YES;
				CLANG_ENABLE_OBJC_ARC = YES;
				CLANG_ENABLE_OBJC_WEAK = YES;
				CLANG_WARN_BLOCK_CAPTURE_AUTORELEASING = YES;
				CLANG_WARN_BOOL_CONVERSION = YES;
				CLANG_WARN_COMMA = YES;
				CLANG_WARN_CONSTANT_CONVERSION = YES;
				CLANG_WARN_DEPRECATED_OBJC_IMPLEMENTATIONS = YES;
				CLANG_WARN_DIRECT_OBJC_ISA_USAGE = YES_ERROR;
				CLANG_WARN_DOCUMENTATION_COMMENTS = YES;
				CLANG_WARN_EMPTY_BODY = YES;
				CLANG_WARN_ENUM_CONVERSION = YES;
				CLANG_WARN_INFINITE_RECURSION = YES;
				CLANG_WARN_INT_CONVERSION = YES;
				CLANG_WARN_NON_LITERAL_NULL_CONVERSION = YES;
				CLANG_WARN_OBJC_IMPLICIT_RETAIN_SELF = YES;
				CLANG_WARN_OBJC_LITERAL_CONVERSION = YES;
				CLANG_WARN_OBJC_ROOT_CLASS = YES_ERROR;
				CLANG_WARN_QUOTED_INCLUDE_IN_FRAMEWORK_HEADER = YES;
				CLANG_WARN_RANGE_LOOP_ANALYSIS = YES;
				CLANG_WARN_STRICT_PROTOTYPES = YES;
				CLANG_WARN_SUSPICIOUS_MOVE = YES;
				CLANG_WARN_UNGUARDED_AVAILABILITY = YES_AGGRESSIVE;
				CLANG_WARN_UNREACHABLE_CODE = YES;
				CLANG_WARN__DUPLICATE_METHOD_MATCH = YES;
				COPY_PHASE_STRIP = NO;
				DEBUG_INFORMATION_FORMAT = dwarf;
				ENABLE_STRICT_OBJC_MSGSEND = YES;
				ENABLE_TESTABILITY = YES;
				ENABLE_USER_SCRIPT_SANDBOXING = YES;
				GCC_C_LANGUAGE_STANDARD = gnu17;
				GCC_DYNAMIC_NO_PIC = NO;
				GCC_NO_COMMON_BLOCKS = YES;
				GCC_OPTIMIZATION_LEVEL = 0;
				GCC_PREPROCESSOR_DEFINITIONS = (
					"DEBUG=1",
					"$(inherited)",
				);
				GCC_WARN_64_TO_32_BIT_CONVERSION = YES;
				GCC_WARN_ABOUT_RETURN_TYPE = YES_ERROR;
				GCC_WARN_UNDECLARED_SELECTOR = YES;
				GCC_WARN_UNINITIALIZED_AUTOS = YES_AGGRESSIVE;
				GCC_WARN_UNUSED_FUNCTION = YES;
				GCC_WARN_UNUSED_VARIABLE = YES;
				LOCALIZATION_PREFERS_STRING_CATALOGS = YES;
				MACOSX_DEPLOYMENT_TARGET = 14.5;
				MTL_ENABLE_DEBUG_INFO = INCLUDE_SOURCE;
				MTL_FAST_MATH = YES;
				ONLY_ACTIVE_ARCH = YES;
				OTHER_SWIFT_FLAGS = "-D LGTEST";
				SDKROOT = macosx;
				SWIFT_ACTIVE_COMPILATION_CONDITIONS = "DEBUG $(inherited)";
				SWIFT_OPTIMIZATION_LEVEL = "-Onone";
			};
			name = Debug;
		};
		7ACD0C5D2C576E8C0057750A /* Release */ = {
			isa = XCBuildConfiguration;
			buildSettings = {
				ALWAYS_SEARCH_USER_PATHS = NO;
				ASSETCATALOG_COMPILER_GENERATE_SWIFT_ASSET_SYMBOL_EXTENSIONS = YES;
				CLANG_ANALYZER_NONNULL = YES;
				CLANG_ANALYZER_NUMBER_OBJECT_CONVERSION = YES_AGGRESSIVE;
				CLANG_CXX_LANGUAGE_STANDARD = "gnu++20";
				CLANG_ENABLE_MODULES = YES;
				CLANG_ENABLE_OBJC_ARC = YES;
				CLANG_ENABLE_OBJC_WEAK = YES;
				CLANG_WARN_BLOCK_CAPTURE_AUTORELEASING = YES;
				CLANG_WARN_BOOL_CONVERSION = YES;
				CLANG_WARN_COMMA = YES;
				CLANG_WARN_CONSTANT_CONVERSION = YES;
				CLANG_WARN_DEPRECATED_OBJC_IMPLEMENTATIONS = YES;
				CLANG_WARN_DIRECT_OBJC_ISA_USAGE = YES_ERROR;
				CLANG_WARN_DOCUMENTATION_COMMENTS = YES;
				CLANG_WARN_EMPTY_BODY = YES;
				CLANG_WARN_ENUM_CONVERSION = YES;
				CLANG_WARN_INFINITE_RECURSION = YES;
				CLANG_WARN_INT_CONVERSION = YES;
				CLANG_WARN_NON_LITERAL_NULL_CONVERSION = YES;
				CLANG_WARN_OBJC_IMPLICIT_RETAIN_SELF = YES;
				CLANG_WARN_OBJC_LITERAL_CONVERSION = YES;
				CLANG_WARN_OBJC_ROOT_CLASS = YES_ERROR;
				CLANG_WARN_QUOTED_INCLUDE_IN_FRAMEWORK_HEADER = YES;
				CLANG_WARN_RANGE_LOOP_ANALYSIS = YES;
				CLANG_WARN_STRICT_PROTOTYPES = YES;
				CLANG_WARN_SUSPICIOUS_MOVE = YES;
				CLANG_WARN_UNGUARDED_AVAILABILITY = YES_AGGRESSIVE;
				CLANG_WARN_UNREACHABLE_CODE = YES;
				CLANG_WARN__DUPLICATE_METHOD_MATCH = YES;
				COPY_PHASE_STRIP = NO;
				DEBUG_INFORMATION_FORMAT = "dwarf-with-dsym";
				ENABLE_NS_ASSERTIONS = NO;
				ENABLE_STRICT_OBJC_MSGSEND = YES;
				ENABLE_USER_SCRIPT_SANDBOXING = YES;
				GCC_C_LANGUAGE_STANDARD = gnu17;
				GCC_NO_COMMON_BLOCKS = YES;
				GCC_WARN_64_TO_32_BIT_CONVERSION = YES;
				GCC_WARN_ABOUT_RETURN_TYPE = YES_ERROR;
				GCC_WARN_UNDECLARED_SELECTOR = YES;
				GCC_WARN_UNINITIALIZED_AUTOS = YES_AGGRESSIVE;
				GCC_WARN_UNUSED_FUNCTION = YES;
				GCC_WARN_UNUSED_VARIABLE = YES;
				LOCALIZATION_PREFERS_STRING_CATALOGS = YES;
				MACOSX_DEPLOYMENT_TARGET = 14.5;
				MTL_ENABLE_DEBUG_INFO = NO;
				MTL_FAST_MATH = YES;
				OTHER_SWIFT_FLAGS = "-D LGTEST";
				SDKROOT = macosx;
				SWIFT_COMPILATION_MODE = wholemodule;
			};
			name = Release;
		};
		7ACD0C5F2C576E8C0057750A /* Debug */ = {
			isa = XCBuildConfiguration;
			buildSettings = {
				ASSETCATALOG_COMPILER_APPICON_NAME = AppIcon;
				ASSETCATALOG_COMPILER_GLOBAL_ACCENT_COLOR_NAME = AccentColor;
				CLANG_ENABLE_MODULES = YES;
				CODE_SIGN_ENTITLEMENTS = MacPlayVideoAndAudio/MacPlayVideoAndAudioDebug.entitlements;
				CODE_SIGN_IDENTITY = "Apple Development";
				"CODE_SIGN_IDENTITY[sdk=macosx*]" = "Apple Development";
				CODE_SIGN_STYLE = Automatic;
				COMBINE_HIDPI_IMAGES = YES;
				CURRENT_PROJECT_VERSION = 1;
				DEVELOPMENT_ASSET_PATHS = "\"MacPlayVideoAndAudio/Preview Content\"";
				DEVELOPMENT_TEAM = 27F3HP7W75;
				ENABLE_HARDENED_RUNTIME = YES;
				ENABLE_PREVIEWS = YES;
				GENERATE_INFOPLIST_FILE = YES;
				INFOPLIST_KEY_NSHumanReadableCopyright = "";
				LD_RUNPATH_SEARCH_PATHS = (
					"$(inherited)",
					"@executable_path/../Frameworks",
				);
				MARKETING_VERSION = 1.0;
				PRODUCT_BUNDLE_IDENTIFIER = com.wl.test1;
				PRODUCT_NAME = "$(TARGET_NAME)";
				PROVISIONING_PROFILE_SPECIFIER = "";
				SWIFT_EMIT_LOC_STRINGS = YES;
				SWIFT_OBJC_BRIDGING_HEADER = "MacPlayVideoAndAudio/MacPlayVideoAndAudio-Bridging-Header.h";
				SWIFT_OPTIMIZATION_LEVEL = "-Onone";
				SWIFT_VERSION = 5.0;
			};
			name = Debug;
		};
		7ACD0C602C576E8C0057750A /* Release */ = {
			isa = XCBuildConfiguration;
			buildSettings = {
				ASSETCATALOG_COMPILER_APPICON_NAME = AppIcon;
				ASSETCATALOG_COMPILER_GLOBAL_ACCENT_COLOR_NAME = AccentColor;
				CLANG_ENABLE_MODULES = YES;
				CODE_SIGN_ENTITLEMENTS = MacPlayVideoAndAudio/MacPlayVideoAndAudio.entitlements;
				CODE_SIGN_IDENTITY = "Apple Development";
				"CODE_SIGN_IDENTITY[sdk=macosx*]" = "Apple Development";
				CODE_SIGN_STYLE = Automatic;
				COMBINE_HIDPI_IMAGES = YES;
				CURRENT_PROJECT_VERSION = 1;
				DEVELOPMENT_ASSET_PATHS = "\"MacPlayVideoAndAudio/Preview Content\"";
				DEVELOPMENT_TEAM = 27F3HP7W75;
				ENABLE_HARDENED_RUNTIME = YES;
				ENABLE_PREVIEWS = YES;
				GENERATE_INFOPLIST_FILE = YES;
				INFOPLIST_KEY_NSHumanReadableCopyright = "";
				LD_RUNPATH_SEARCH_PATHS = (
					"$(inherited)",
					"@executable_path/../Frameworks",
				);
				MARKETING_VERSION = 1.0;
				PRODUCT_BUNDLE_IDENTIFIER = com.wl.test1;
				PRODUCT_NAME = "$(TARGET_NAME)";
				PROVISIONING_PROFILE_SPECIFIER = "";
				SWIFT_EMIT_LOC_STRINGS = YES;
				SWIFT_OBJC_BRIDGING_HEADER = "MacPlayVideoAndAudio/MacPlayVideoAndAudio-Bridging-Header.h";
				SWIFT_VERSION = 5.0;
			};
			name = Release;
		};
/* End XCBuildConfiguration section */

/* Begin XCConfigurationList section */
		7ACD0C4A2C576E8B0057750A /* Build configuration list for PBXProject "MacPlayVideoAndAudio" */ = {
			isa = XCConfigurationList;
			buildConfigurations = (
				7ACD0C5C2C576E8C0057750A /* Debug */,
				7ACD0C5D2C576E8C0057750A /* Release */,
			);
			defaultConfigurationIsVisible = 0;
			defaultConfigurationName = Release;
		};
		7ACD0C5E2C576E8C0057750A /* Build configuration list for PBXNativeTarget "MacPlayVideoAndAudio" */ = {
			isa = XCConfigurationList;
			buildConfigurations = (
				7ACD0C5F2C576E8C0057750A /* Debug */,
				7ACD0C602C576E8C0057750A /* Release */,
			);
			defaultConfigurationIsVisible = 0;
			defaultConfigurationName = Release;
		};
/* End XCConfigurationList section */
	};
	rootObject = 7ACD0C472C576E8B0057750A /* Project object */;
}
